// !$*UTF8*$!
{
	archiveVersion = 1;
	classes = {
	};
	objectVersion = 77;
	objects = {

/* Begin PBXBuildFile section */
		00ACD0CAD73D27BEF194DC5A /* LineNumberRulerView.swift in Sources */ = {isa = PBXBuildFile; fileRef = 22C261229E5BE0386731DBE5 /* LineNumberRulerView.swift */; };
		0545C6A6A7D228157A1FC413 /* TabModel.swift in Sources */ = {isa = PBXBuildFile; fileRef = C9CBBF06AF4FD92AF324B33D /* TabModel.swift */; };
		12827882AB763B3C49FE1163 /* CodeEditorView.swift in Sources */ = {isa = PBXBuildFile; fileRef = 2D4F264363FE8E8E75885BDF /* CodeEditorView.swift */; };
		12A6A675ACE73AB8228EA164 /* RunletCore in Frameworks */ = {isa = PBXBuildFile; productRef = 4322A1EA177AAC635102C1CE /* RunletCore */; };
		137AFD4B1F454C7FDF4E8F2B /* ProjectCommandsView.swift in Sources */ = {isa = PBXBuildFile; fileRef = 09DEBD25B45A82FAB945091D /* ProjectCommandsView.swift */; };
		160668C0BEB8B0880B6B1EE4 /* RunletUITests.swift in Sources */ = {isa = PBXBuildFile; fileRef = 2B6E7C328C3E10FD4820AABE /* RunletUITests.swift */; };
		2634EE8F1A992BC3AC9D7D27 /* WindowRoot.swift in Sources */ = {isa = PBXBuildFile; fileRef = 1C1C6E3F9FFBA297B6905207 /* WindowRoot.swift */; };
		2A62E9238D799B7B24BB3654 /* CodeTextView.swift in Sources */ = {isa = PBXBuildFile; fileRef = 6618A5F9624F489563440C3B /* CodeTextView.swift */; };
		33B83540A7FE1213E678A1C6 /* MainWindow.swift in Sources */ = {isa = PBXBuildFile; fileRef = 29123D7FCB01CC9823D5B3F1 /* MainWindow.swift */; };
		3408AFFDD8E17A9DFE7B2B94 /* ScenarioUITests.swift in Sources */ = {isa = PBXBuildFile; fileRef = 4A372F2520EF95AFAE16F84D /* ScenarioUITests.swift */; };
		371265E8C7E606D03C532D36 /* SwiftTerm in Frameworks */ = {isa = PBXBuildFile; productRef = 27D12CB6B6493869E61B77BF /* SwiftTerm */; };
		38FC2871A7683261061C06CE /* TargetSettingsView.swift in Sources */ = {isa = PBXBuildFile; fileRef = 9EEB81AD780A32DFACCA2357 /* TargetSettingsView.swift */; };
		44BDF2B2CE9E22E1E6281887 /* AppModel+Tabs.swift in Sources */ = {isa = PBXBuildFile; fileRef = D6091CE4D2C9FBB683A6FFC6 /* AppModel+Tabs.swift */; };
		47561CC7CD26F791640EE97D /* TerminalPanel.swift in Sources */ = {isa = PBXBuildFile; fileRef = 1DF75788FC29A453A8F46D51 /* TerminalPanel.swift */; };
		4C1721FEBDBB1C6CE950867F /* AppModel+Terminal.swift in Sources */ = {isa = PBXBuildFile; fileRef = 75D0156F2F52FF001CAB8792 /* AppModel+Terminal.swift */; };
		4C1918034637AD3CE8A14259 /* ExternalEditor.swift in Sources */ = {isa = PBXBuildFile; fileRef = 1111DFB8A76ABCD8B8FA2BC4 /* ExternalEditor.swift */; };
		4C821F539CA3BFDD63346D35 /* VisualTourUITests.swift in Sources */ = {isa = PBXBuildFile; fileRef = 23BE04B56955004C126B0A1F /* VisualTourUITests.swift */; };
		4DFA3A494BF7F2DBD179F6CD /* DockerProfileManagerUITests.swift in Sources */ = {isa = PBXBuildFile; fileRef = F48963F429AB97CE1A279A96 /* DockerProfileManagerUITests.swift */; };
		4FE8760F14F2E96654F96D4D /* DockMenu.swift in Sources */ = {isa = PBXBuildFile; fileRef = 322ECFC7283CC1E36BB87FA1 /* DockMenu.swift */; };
		52B73E54BDA601D92A07110C /* DebugSteps.swift in Sources */ = {isa = PBXBuildFile; fileRef = 9B19D717A400C5BA9BE5DA10 /* DebugSteps.swift */; };
		5D80814D06956AEADDA70EAB /* Palette.swift in Sources */ = {isa = PBXBuildFile; fileRef = 57811E1435823E500621F4BB /* Palette.swift */; };
		5F25C880FB417EA231B29948 /* PaneSplit.swift in Sources */ = {isa = PBXBuildFile; fileRef = C45320C743258556EC7C0246 /* PaneSplit.swift */; };
		607E10648BB0EC85812FFBD4 /* TerminalSession.swift in Sources */ = {isa = PBXBuildFile; fileRef = 2685F2C45D29DEF34C73A0D1 /* TerminalSession.swift */; };
		628D4C4F693367A05A7AB11E /* RunletCore in Frameworks */ = {isa = PBXBuildFile; productRef = DF53CBD16F62D3B9B97C1402 /* RunletCore */; };
		66666CB5E7FCF8E6252B430B /* CommandLineToolView.swift in Sources */ = {isa = PBXBuildFile; fileRef = 53134F50D76A285D711ED32E /* CommandLineToolView.swift */; };
		6BDEE8EAF9CAD4757F661D74 /* TabLayoutUITests.swift in Sources */ = {isa = PBXBuildFile; fileRef = 8406FF9B31C131519FE6F346 /* TabLayoutUITests.swift */; };
		74CE1FF1529AABEF0DBEFEF2 /* LibraryInspector.swift in Sources */ = {isa = PBXBuildFile; fileRef = 56416230C0552F568DF3DC5F /* LibraryInspector.swift */; };
		7BDF5D55A79E389EA4531BE0 /* RunletApp.swift in Sources */ = {isa = PBXBuildFile; fileRef = E1CD1E5F9DCA9B226E34D64D /* RunletApp.swift */; };
		8013A3E4C96F9D313A994FD0 /* FileSync.swift in Sources */ = {isa = PBXBuildFile; fileRef = 24F2E4057C66B5475667FB81 /* FileSync.swift */; };
		8A0B51ECDBD4A2CF40625D27 /* VerticalTabs.swift in Sources */ = {isa = PBXBuildFile; fileRef = F11AE164C7DBD263D0530143 /* VerticalTabs.swift */; };
		907DD9104753695DB500BD6C /* EditorController.swift in Sources */ = {isa = PBXBuildFile; fileRef = 431DF3AD263AD5383E6224DA /* EditorController.swift */; };
		9B10D64C59AA23156BE5F75D /* EditorPopups.swift in Sources */ = {isa = PBXBuildFile; fileRef = 7D4C7E8480AA31CA5DB0D569 /* EditorPopups.swift */; };
		9B663197393C79CE32237B86 /* LibraryKeyboard.swift in Sources */ = {isa = PBXBuildFile; fileRef = 0886F16CBBF0BCFE4D064931 /* LibraryKeyboard.swift */; };
		A37A84760BB7F0C39C302A21 /* PHPHighlighter.swift in Sources */ = {isa = PBXBuildFile; fileRef = 464F01B4755DA052B6EE779F /* PHPHighlighter.swift */; };
		A5CAAE8B020A59EBE8752317 /* ShortcutSettingsView.swift in Sources */ = {isa = PBXBuildFile; fileRef = FA7349B28F0B45CA48DFED12 /* ShortcutSettingsView.swift */; };
		A83126604F8A69A206EE86E5 /* AppModel+Commands.swift in Sources */ = {isa = PBXBuildFile; fileRef = 5DD815B820DF94C314118CFE /* AppModel+Commands.swift */; };
		A89C0FD5DECDDAC332E9DB57 /* DockerProfileEditor.swift in Sources */ = {isa = PBXBuildFile; fileRef = 2E1836D2A1A53058BA80D6B5 /* DockerProfileEditor.swift */; };
		AE9E034F0B13DC452977FE82 /* Commands.swift in Sources */ = {isa = PBXBuildFile; fileRef = F7D7092701F2BD703CE8419C /* Commands.swift */; };
		BCEB33D441C5E8FC9700F8DE /* Sheets.swift in Sources */ = {isa = PBXBuildFile; fileRef = C53120FC0F7077544DCCE4C9 /* Sheets.swift */; };
		C02A8BECF93884648171FA4B /* CommandPaletteUITests.swift in Sources */ = {isa = PBXBuildFile; fileRef = 81F758AB0B5A92071AE6E761 /* CommandPaletteUITests.swift */; };
		C239DB4432767988B57953DE /* WorkspaceUITests.swift in Sources */ = {isa = PBXBuildFile; fileRef = 44912A5477FB3F9A840AD145 /* WorkspaceUITests.swift */; };
		C34A132623A9E7768CE8A679 /* AppModel.swift in Sources */ = {isa = PBXBuildFile; fileRef = C87E4B67E61F61CDBC280DE2 /* AppModel.swift */; };
		C3816B4A5C85116C2659A45A /* RunletTool.swift in Sources */ = {isa = PBXBuildFile; fileRef = BCEEF13C89813007286C17AF /* RunletTool.swift */; };
		C7176A7626CE92C3A304EADB /* runlet in Embed Dependencies */ = {isa = PBXBuildFile; fileRef = 11597A41D0B754A2B20B2E5D /* runlet */; settings = {ATTRIBUTES = (CodeSignOnCopy, RemoveHeadersOnCopy, ); }; };
		C8861415909FCB171DA11683 /* OutputPane.swift in Sources */ = {isa = PBXBuildFile; fileRef = 93DCB401241596F51D6154F2 /* OutputPane.swift */; };
		C9DE190AE27B413924BADD75 /* SettingsView.swift in Sources */ = {isa = PBXBuildFile; fileRef = 45AC2433603216BD0B198CBC /* SettingsView.swift */; };
		D34837EDA9CE175BA87609C8 /* DockerProfileManager.swift in Sources */ = {isa = PBXBuildFile; fileRef = FE4834A968C7FCD771888ECB /* DockerProfileManager.swift */; };
		D8224FD2351C9460BBEAE04A /* RunletLanguage in Frameworks */ = {isa = PBXBuildFile; productRef = 5B5EECBE23B015321D697A66 /* RunletLanguage */; };
		DEC65797FAE484F57A0FCA75 /* RunletExecution in Frameworks */ = {isa = PBXBuildFile; productRef = 89563DE2467BC834814AC08A /* RunletExecution */; };
		E0317A2D925489BDF7F90C76 /* CommandLineRequests.swift in Sources */ = {isa = PBXBuildFile; fileRef = 9B20D6072DDD1944864FC24C /* CommandLineRequests.swift */; };
		F0CBF10B93CFA23D09EF2E35 /* WindowModel.swift in Sources */ = {isa = PBXBuildFile; fileRef = 919501C14063E54C509C89C2 /* WindowModel.swift */; };
		F7A89060D5EA6173B1CDAF54 /* SelfTest.swift in Sources */ = {isa = PBXBuildFile; fileRef = 3599A384DA041801116110E3 /* SelfTest.swift */; };
		FE4287F13BC686F4D38262C9 /* EditorFonts.swift in Sources */ = {isa = PBXBuildFile; fileRef = DB6EC98D2BE81CA2C1E5830A /* EditorFonts.swift */; };
/* End PBXBuildFile section */

/* Begin PBXContainerItemProxy section */
		5AFC1196AD87123122B23C2F /* PBXContainerItemProxy */ = {
			isa = PBXContainerItemProxy;
			containerPortal = 0EAE436620113FF09BD79C28 /* Project object */;
			proxyType = 1;
			remoteGlobalIDString = B7E657A33CA524E52ED8A389;
			remoteInfo = RunletCLI;
		};
		B98B033D2C0A23A37232FFD7 /* PBXContainerItemProxy */ = {
			isa = PBXContainerItemProxy;
			containerPortal = 0EAE436620113FF09BD79C28 /* Project object */;
			proxyType = 1;
			remoteGlobalIDString = 876A69E4D03A9C70707B99A8;
			remoteInfo = Runlet;
		};
/* End PBXContainerItemProxy section */

/* Begin PBXCopyFilesBuildPhase section */
		34FA1F480BC80153B08F4D1A /* Embed Dependencies */ = {
			isa = PBXCopyFilesBuildPhase;
			buildActionMask = 2147483647;
			dstPath = Contents/Helpers;
			dstSubfolderSpec = 1;
			files = (
				C7176A7626CE92C3A304EADB /* runlet in Embed Dependencies */,
			);
			name = "Embed Dependencies";
			runOnlyForDeploymentPostprocessing = 0;
		};
/* End PBXCopyFilesBuildPhase section */

/* Begin PBXFileReference section */
		0886F16CBBF0BCFE4D064931 /* LibraryKeyboard.swift */ = {isa = PBXFileReference; lastKnownFileType = sourcecode.swift; path = LibraryKeyboard.swift; sourceTree = "<group>"; };
		09DEBD25B45A82FAB945091D /* ProjectCommandsView.swift */ = {isa = PBXFileReference; lastKnownFileType = sourcecode.swift; path = ProjectCommandsView.swift; sourceTree = "<group>"; };
		0B96401FE5207CBA811A25AF /* Info.plist */ = {isa = PBXFileReference; lastKnownFileType = text.plist; path = Info.plist; sourceTree = "<group>"; };
		1111DFB8A76ABCD8B8FA2BC4 /* ExternalEditor.swift */ = {isa = PBXFileReference; lastKnownFileType = sourcecode.swift; path = ExternalEditor.swift; sourceTree = "<group>"; };
		11597A41D0B754A2B20B2E5D /* runlet */ = {isa = PBXFileReference; includeInIndex = 0; path = runlet; sourceTree = BUILT_PRODUCTS_DIR; };
		1C1C6E3F9FFBA297B6905207 /* WindowRoot.swift */ = {isa = PBXFileReference; lastKnownFileType = sourcecode.swift; path = WindowRoot.swift; sourceTree = "<group>"; };
		1DF75788FC29A453A8F46D51 /* TerminalPanel.swift */ = {isa = PBXFileReference; lastKnownFileType = sourcecode.swift; path = TerminalPanel.swift; sourceTree = "<group>"; };
		1E996053C34B29C8DBBD1F89 /* RunletUITests.xctest */ = {isa = PBXFileReference; explicitFileType = wrapper.cfbundle; includeInIndex = 0; path = RunletUITests.xctest; sourceTree = BUILT_PRODUCTS_DIR; };
		22C261229E5BE0386731DBE5 /* LineNumberRulerView.swift */ = {isa = PBXFileReference; lastKnownFileType = sourcecode.swift; path = LineNumberRulerView.swift; sourceTree = "<group>"; };
		23BE04B56955004C126B0A1F /* VisualTourUITests.swift */ = {isa = PBXFileReference; lastKnownFileType = sourcecode.swift; path = VisualTourUITests.swift; sourceTree = "<group>"; };
		24F2E4057C66B5475667FB81 /* FileSync.swift */ = {isa = PBXFileReference; lastKnownFileType = sourcecode.swift; path = FileSync.swift; sourceTree = "<group>"; };
		2685F2C45D29DEF34C73A0D1 /* TerminalSession.swift */ = {isa = PBXFileReference; lastKnownFileType = sourcecode.swift; path = TerminalSession.swift; sourceTree = "<group>"; };
		29123D7FCB01CC9823D5B3F1 /* MainWindow.swift */ = {isa = PBXFileReference; lastKnownFileType = sourcecode.swift; path = MainWindow.swift; sourceTree = "<group>"; };
		2B6E7C328C3E10FD4820AABE /* RunletUITests.swift */ = {isa = PBXFileReference; lastKnownFileType = sourcecode.swift; path = RunletUITests.swift; sourceTree = "<group>"; };
		2D4F264363FE8E8E75885BDF /* CodeEditorView.swift */ = {isa = PBXFileReference; lastKnownFileType = sourcecode.swift; path = CodeEditorView.swift; sourceTree = "<group>"; };
		2E1836D2A1A53058BA80D6B5 /* DockerProfileEditor.swift */ = {isa = PBXFileReference; lastKnownFileType = sourcecode.swift; path = DockerProfileEditor.swift; sourceTree = "<group>"; };
		322ECFC7283CC1E36BB87FA1 /* DockMenu.swift */ = {isa = PBXFileReference; lastKnownFileType = sourcecode.swift; path = DockMenu.swift; sourceTree = "<group>"; };
		3599A384DA041801116110E3 /* SelfTest.swift */ = {isa = PBXFileReference; lastKnownFileType = sourcecode.swift; path = SelfTest.swift; sourceTree = "<group>"; };
		431DF3AD263AD5383E6224DA /* EditorController.swift */ = {isa = PBXFileReference; lastKnownFileType = sourcecode.swift; path = EditorController.swift; sourceTree = "<group>"; };
		44912A5477FB3F9A840AD145 /* WorkspaceUITests.swift */ = {isa = PBXFileReference; lastKnownFileType = sourcecode.swift; path = WorkspaceUITests.swift; sourceTree = "<group>"; };
		45AC2433603216BD0B198CBC /* SettingsView.swift */ = {isa = PBXFileReference; lastKnownFileType = sourcecode.swift; path = SettingsView.swift; sourceTree = "<group>"; };
		464F01B4755DA052B6EE779F /* PHPHighlighter.swift */ = {isa = PBXFileReference; lastKnownFileType = sourcecode.swift; path = PHPHighlighter.swift; sourceTree = "<group>"; };
		4A372F2520EF95AFAE16F84D /* ScenarioUITests.swift */ = {isa = PBXFileReference; lastKnownFileType = sourcecode.swift; path = ScenarioUITests.swift; sourceTree = "<group>"; };
		53134F50D76A285D711ED32E /* CommandLineToolView.swift */ = {isa = PBXFileReference; lastKnownFileType = sourcecode.swift; path = CommandLineToolView.swift; sourceTree = "<group>"; };
		56416230C0552F568DF3DC5F /* LibraryInspector.swift */ = {isa = PBXFileReference; lastKnownFileType = sourcecode.swift; path = LibraryInspector.swift; sourceTree = "<group>"; };
		57811E1435823E500621F4BB /* Palette.swift */ = {isa = PBXFileReference; lastKnownFileType = sourcecode.swift; path = Palette.swift; sourceTree = "<group>"; };
		5DD815B820DF94C314118CFE /* AppModel+Commands.swift */ = {isa = PBXFileReference; lastKnownFileType = sourcecode.swift; path = "AppModel+Commands.swift"; sourceTree = "<group>"; };
		6618A5F9624F489563440C3B /* CodeTextView.swift */ = {isa = PBXFileReference; lastKnownFileType = sourcecode.swift; path = CodeTextView.swift; sourceTree = "<group>"; };
		6BB326BBBA6BEE8265467875 /* RunletKit */ = {isa = PBXFileReference; lastKnownFileType = folder; name = RunletKit; path = Packages/RunletKit; sourceTree = SOURCE_ROOT; };
		75D0156F2F52FF001CAB8792 /* AppModel+Terminal.swift */ = {isa = PBXFileReference; lastKnownFileType = sourcecode.swift; path = "AppModel+Terminal.swift"; sourceTree = "<group>"; };
		7D4C7E8480AA31CA5DB0D569 /* EditorPopups.swift */ = {isa = PBXFileReference; lastKnownFileType = sourcecode.swift; path = EditorPopups.swift; sourceTree = "<group>"; };
		81F758AB0B5A92071AE6E761 /* CommandPaletteUITests.swift */ = {isa = PBXFileReference; lastKnownFileType = sourcecode.swift; path = CommandPaletteUITests.swift; sourceTree = "<group>"; };
		8406FF9B31C131519FE6F346 /* TabLayoutUITests.swift */ = {isa = PBXFileReference; lastKnownFileType = sourcecode.swift; path = TabLayoutUITests.swift; sourceTree = "<group>"; };
		919501C14063E54C509C89C2 /* WindowModel.swift */ = {isa = PBXFileReference; lastKnownFileType = sourcecode.swift; path = WindowModel.swift; sourceTree = "<group>"; };
		93DCB401241596F51D6154F2 /* OutputPane.swift */ = {isa = PBXFileReference; lastKnownFileType = sourcecode.swift; path = OutputPane.swift; sourceTree = "<group>"; };
		9B19D717A400C5BA9BE5DA10 /* DebugSteps.swift */ = {isa = PBXFileReference; lastKnownFileType = sourcecode.swift; path = DebugSteps.swift; sourceTree = "<group>"; };
		9B20D6072DDD1944864FC24C /* CommandLineRequests.swift */ = {isa = PBXFileReference; lastKnownFileType = sourcecode.swift; path = CommandLineRequests.swift; sourceTree = "<group>"; };
		9EEB81AD780A32DFACCA2357 /* TargetSettingsView.swift */ = {isa = PBXFileReference; lastKnownFileType = sourcecode.swift; path = TargetSettingsView.swift; sourceTree = "<group>"; };
		AFAF6FC6052AE39264C0FD5B /* Runlet.app */ = {isa = PBXFileReference; explicitFileType = wrapper.application; includeInIndex = 0; path = Runlet.app; sourceTree = BUILT_PRODUCTS_DIR; };
		BCEEF13C89813007286C17AF /* RunletTool.swift */ = {isa = PBXFileReference; lastKnownFileType = sourcecode.swift; path = RunletTool.swift; sourceTree = "<group>"; };
		C45320C743258556EC7C0246 /* PaneSplit.swift */ = {isa = PBXFileReference; lastKnownFileType = sourcecode.swift; path = PaneSplit.swift; sourceTree = "<group>"; };
		C53120FC0F7077544DCCE4C9 /* Sheets.swift */ = {isa = PBXFileReference; lastKnownFileType = sourcecode.swift; path = Sheets.swift; sourceTree = "<group>"; };
		C87E4B67E61F61CDBC280DE2 /* AppModel.swift */ = {isa = PBXFileReference; lastKnownFileType = sourcecode.swift; path = AppModel.swift; sourceTree = "<group>"; };
		C9CBBF06AF4FD92AF324B33D /* TabModel.swift */ = {isa = PBXFileReference; lastKnownFileType = sourcecode.swift; path = TabModel.swift; sourceTree = "<group>"; };
		D6091CE4D2C9FBB683A6FFC6 /* AppModel+Tabs.swift */ = {isa = PBXFileReference; lastKnownFileType = sourcecode.swift; path = "AppModel+Tabs.swift"; sourceTree = "<group>"; };
		DB6EC98D2BE81CA2C1E5830A /* EditorFonts.swift */ = {isa = PBXFileReference; lastKnownFileType = sourcecode.swift; path = EditorFonts.swift; sourceTree = "<group>"; };
		E1CD1E5F9DCA9B226E34D64D /* RunletApp.swift */ = {isa = PBXFileReference; lastKnownFileType = sourcecode.swift; path = RunletApp.swift; sourceTree = "<group>"; };
		F11AE164C7DBD263D0530143 /* VerticalTabs.swift */ = {isa = PBXFileReference; lastKnownFileType = sourcecode.swift; path = VerticalTabs.swift; sourceTree = "<group>"; };
		F48963F429AB97CE1A279A96 /* DockerProfileManagerUITests.swift */ = {isa = PBXFileReference; lastKnownFileType = sourcecode.swift; path = DockerProfileManagerUITests.swift; sourceTree = "<group>"; };
		F7D7092701F2BD703CE8419C /* Commands.swift */ = {isa = PBXFileReference; lastKnownFileType = sourcecode.swift; path = Commands.swift; sourceTree = "<group>"; };
		FA7349B28F0B45CA48DFED12 /* ShortcutSettingsView.swift */ = {isa = PBXFileReference; lastKnownFileType = sourcecode.swift; path = ShortcutSettingsView.swift; sourceTree = "<group>"; };
		FE4834A968C7FCD771888ECB /* DockerProfileManager.swift */ = {isa = PBXFileReference; lastKnownFileType = sourcecode.swift; path = DockerProfileManager.swift; sourceTree = "<group>"; };
/* End PBXFileReference section */

/* Begin PBXFrameworksBuildPhase section */
		04F7B955A3A60F69807DAC91 /* Frameworks */ = {
			isa = PBXFrameworksBuildPhase;
			buildActionMask = 2147483647;
			files = (
				12A6A675ACE73AB8228EA164 /* RunletCore in Frameworks */,
			);
			runOnlyForDeploymentPostprocessing = 0;
		};
		BC315D82EC646A9086A5A82E /* Frameworks */ = {
			isa = PBXFrameworksBuildPhase;
			buildActionMask = 2147483647;
			files = (
				628D4C4F693367A05A7AB11E /* RunletCore in Frameworks */,
				DEC65797FAE484F57A0FCA75 /* RunletExecution in Frameworks */,
				D8224FD2351C9460BBEAE04A /* RunletLanguage in Frameworks */,
				371265E8C7E606D03C532D36 /* SwiftTerm in Frameworks */,
			);
			runOnlyForDeploymentPostprocessing = 0;
		};
/* End PBXFrameworksBuildPhase section */

/* Begin PBXGroup section */
		1EAEDF208107CDA09F3F7C58 /* Products */ = {
			isa = PBXGroup;
			children = (
				11597A41D0B754A2B20B2E5D /* runlet */,
				AFAF6FC6052AE39264C0FD5B /* Runlet.app */,
				1E996053C34B29C8DBBD1F89 /* RunletUITests.xctest */,
			);
			name = Products;
			sourceTree = "<group>";
		};
		234F698DF5A135A8D1B4A07A /* App */ = {
			isa = PBXGroup;
			children = (
				C87E4B67E61F61CDBC280DE2 /* AppModel.swift */,
				5DD815B820DF94C314118CFE /* AppModel+Commands.swift */,
				D6091CE4D2C9FBB683A6FFC6 /* AppModel+Tabs.swift */,
				75D0156F2F52FF001CAB8792 /* AppModel+Terminal.swift */,
				9B20D6072DDD1944864FC24C /* CommandLineRequests.swift */,
				F7D7092701F2BD703CE8419C /* Commands.swift */,
				9B19D717A400C5BA9BE5DA10 /* DebugSteps.swift */,
				322ECFC7283CC1E36BB87FA1 /* DockMenu.swift */,
				1111DFB8A76ABCD8B8FA2BC4 /* ExternalEditor.swift */,
				24F2E4057C66B5475667FB81 /* FileSync.swift */,
				E1CD1E5F9DCA9B226E34D64D /* RunletApp.swift */,
				3599A384DA041801116110E3 /* SelfTest.swift */,
				C9CBBF06AF4FD92AF324B33D /* TabModel.swift */,
				919501C14063E54C509C89C2 /* WindowModel.swift */,
				1C1C6E3F9FFBA297B6905207 /* WindowRoot.swift */,
			);
			path = App;
			sourceTree = "<group>";
		};
		4FFD6037315AF2A7B8473F57 /* Packages */ = {
			isa = PBXGroup;
			children = (
				6BB326BBBA6BEE8265467875 /* RunletKit */,
			);
			path = Packages;
			sourceTree = "<group>";
		};
		6074D72EFC40680704C17DB9 /* Features */ = {
			isa = PBXGroup;
			children = (
				53134F50D76A285D711ED32E /* CommandLineToolView.swift */,
				2E1836D2A1A53058BA80D6B5 /* DockerProfileEditor.swift */,
				FE4834A968C7FCD771888ECB /* DockerProfileManager.swift */,
				56416230C0552F568DF3DC5F /* LibraryInspector.swift */,
				0886F16CBBF0BCFE4D064931 /* LibraryKeyboard.swift */,
				29123D7FCB01CC9823D5B3F1 /* MainWindow.swift */,
				93DCB401241596F51D6154F2 /* OutputPane.swift */,
				57811E1435823E500621F4BB /* Palette.swift */,
				C45320C743258556EC7C0246 /* PaneSplit.swift */,
				09DEBD25B45A82FAB945091D /* ProjectCommandsView.swift */,
				45AC2433603216BD0B198CBC /* SettingsView.swift */,
				C53120FC0F7077544DCCE4C9 /* Sheets.swift */,
				FA7349B28F0B45CA48DFED12 /* ShortcutSettingsView.swift */,
				9EEB81AD780A32DFACCA2357 /* TargetSettingsView.swift */,
				1DF75788FC29A453A8F46D51 /* TerminalPanel.swift */,
				2685F2C45D29DEF34C73A0D1 /* TerminalSession.swift */,
				F11AE164C7DBD263D0530143 /* VerticalTabs.swift */,
			);
			path = Features;
			sourceTree = "<group>";
		};
		6531D0FFC7FE265B96B3D51B /* RunletCLI */ = {
			isa = PBXGroup;
			children = (
				BCEEF13C89813007286C17AF /* RunletTool.swift */,
			);
			path = RunletCLI;
			sourceTree = "<group>";
		};
		7736F54AD7486171669A4954 = {
			isa = PBXGroup;
			children = (
				4FFD6037315AF2A7B8473F57 /* Packages */,
				D20ED53877FDEAC67C9E0AEE /* Runlet */,
				6531D0FFC7FE265B96B3D51B /* RunletCLI */,
				940B78E97AB731C01E3317D4 /* RunletUITests */,
				1EAEDF208107CDA09F3F7C58 /* Products */,
			);
			sourceTree = "<group>";
		};
		940B78E97AB731C01E3317D4 /* RunletUITests */ = {
			isa = PBXGroup;
			children = (
				81F758AB0B5A92071AE6E761 /* CommandPaletteUITests.swift */,
				F48963F429AB97CE1A279A96 /* DockerProfileManagerUITests.swift */,
				2B6E7C328C3E10FD4820AABE /* RunletUITests.swift */,
				4A372F2520EF95AFAE16F84D /* ScenarioUITests.swift */,
				8406FF9B31C131519FE6F346 /* TabLayoutUITests.swift */,
				23BE04B56955004C126B0A1F /* VisualTourUITests.swift */,
				44912A5477FB3F9A840AD145 /* WorkspaceUITests.swift */,
			);
			path = RunletUITests;
			sourceTree = "<group>";
		};
		D20ED53877FDEAC67C9E0AEE /* Runlet */ = {
			isa = PBXGroup;
			children = (
				0B96401FE5207CBA811A25AF /* Info.plist */,
				234F698DF5A135A8D1B4A07A /* App */,
				E59C160CFB4043EB91FDFE91 /* Editor */,
				6074D72EFC40680704C17DB9 /* Features */,
			);
			path = Runlet;
			sourceTree = "<group>";
		};
		E59C160CFB4043EB91FDFE91 /* Editor */ = {
			isa = PBXGroup;
			children = (
				2D4F264363FE8E8E75885BDF /* CodeEditorView.swift */,
				6618A5F9624F489563440C3B /* CodeTextView.swift */,
				431DF3AD263AD5383E6224DA /* EditorController.swift */,
				DB6EC98D2BE81CA2C1E5830A /* EditorFonts.swift */,
				7D4C7E8480AA31CA5DB0D569 /* EditorPopups.swift */,
				22C261229E5BE0386731DBE5 /* LineNumberRulerView.swift */,
				464F01B4755DA052B6EE779F /* PHPHighlighter.swift */,
			);
			path = Editor;
			sourceTree = "<group>";
		};
/* End PBXGroup section */

/* Begin PBXNativeTarget section */
		760EEC64A203D51CC55D30D0 /* RunletUITests */ = {
			isa = PBXNativeTarget;
			buildConfigurationList = 8F66EBE7BEF03B75B9C499CD /* Build configuration list for PBXNativeTarget "RunletUITests" */;
			buildPhases = (
				E5FCE0FA34472BD37D6CBAA2 /* Sources */,
			);
			buildRules = (
			);
			dependencies = (
				FCE6F69A4EFCE383F85AF46B /* PBXTargetDependency */,
			);
			name = RunletUITests;
			packageProductDependencies = (
			);
			productName = RunletUITests;
			productReference = 1E996053C34B29C8DBBD1F89 /* RunletUITests.xctest */;
			productType = "com.apple.product-type.bundle.ui-testing";
		};
		876A69E4D03A9C70707B99A8 /* Runlet */ = {
			isa = PBXNativeTarget;
			buildConfigurationList = 03092FE74167E66462A22906 /* Build configuration list for PBXNativeTarget "Runlet" */;
			buildPhases = (
				A4423A68A9B2D8A55EA5D9F5 /* Sources */,
				BC315D82EC646A9086A5A82E /* Frameworks */,
				34FA1F480BC80153B08F4D1A /* Embed Dependencies */,
				B0210906837BEE5BB89709BC /* Embed runner, sandbox, and PHPantom */,
			);
			buildRules = (
			);
			dependencies = (
				1DB6C27E3A20CF9279CF8848 /* PBXTargetDependency */,
			);
			name = Runlet;
			packageProductDependencies = (
				DF53CBD16F62D3B9B97C1402 /* RunletCore */,
				89563DE2467BC834814AC08A /* RunletExecution */,
				5B5EECBE23B015321D697A66 /* RunletLanguage */,
				27D12CB6B6493869E61B77BF /* SwiftTerm */,
			);
			productName = Runlet;
			productReference = AFAF6FC6052AE39264C0FD5B /* Runlet.app */;
			productType = "com.apple.product-type.application";
		};
		B7E657A33CA524E52ED8A389 /* RunletCLI */ = {
			isa = PBXNativeTarget;
			buildConfigurationList = CB1F110AC6B09766EE8B9F95 /* Build configuration list for PBXNativeTarget "RunletCLI" */;
			buildPhases = (
				CCC60E84191646AFE5C871F0 /* Sources */,
				04F7B955A3A60F69807DAC91 /* Frameworks */,
			);
			buildRules = (
			);
			dependencies = (
			);
			name = RunletCLI;
			packageProductDependencies = (
				4322A1EA177AAC635102C1CE /* RunletCore */,
			);
			productName = RunletCLI;
			productReference = 11597A41D0B754A2B20B2E5D /* runlet */;
			productType = "com.apple.product-type.tool";
		};
/* End PBXNativeTarget section */

/* Begin PBXProject section */
		0EAE436620113FF09BD79C28 /* Project object */ = {
			isa = PBXProject;
			attributes = {
				BuildIndependentTargetsInParallel = YES;
				LastUpgradeCheck = 1430;
				TargetAttributes = {
					760EEC64A203D51CC55D30D0 = {
						ProvisioningStyle = Manual;
						TestTargetID = 876A69E4D03A9C70707B99A8;
					};
					876A69E4D03A9C70707B99A8 = {
						DevelopmentTeam = "";
						ProvisioningStyle = Manual;
					};
					B7E657A33CA524E52ED8A389 = {
						DevelopmentTeam = "";
						ProvisioningStyle = Manual;
					};
				};
			};
			buildConfigurationList = B83FD1B42FD7A159AE525A37 /* Build configuration list for PBXProject "Runlet" */;
			developmentRegion = en;
			hasScannedForEncodings = 0;
			knownRegions = (
				Base,
				en,
			);
			mainGroup = 7736F54AD7486171669A4954;
			minimizedProjectReferenceProxies = 1;
			packageReferences = (
				38A538B970DF61F799CB15D2 /* XCRemoteSwiftPackageReference "SwiftTerm" */,
				FDB9902247EB3489098581A3 /* XCLocalSwiftPackageReference "Packages/RunletKit" */,
			);
			preferredProjectObjectVersion = 77;
			productRefGroup = 1EAEDF208107CDA09F3F7C58 /* Products */;
			projectDirPath = "";
			projectRoot = "";
			targets = (
				876A69E4D03A9C70707B99A8 /* Runlet */,
				B7E657A33CA524E52ED8A389 /* RunletCLI */,
				760EEC64A203D51CC55D30D0 /* RunletUITests */,
			);
		};
/* End PBXProject section */

/* Begin PBXShellScriptBuildPhase section */
		B0210906837BEE5BB89709BC /* Embed runner, sandbox, and PHPantom */ = {
			isa = PBXShellScriptBuildPhase;
			alwaysOutOfDate = 1;
			buildActionMask = 2147483647;
			files = (
			);
			inputFileListPaths = (
			);
			inputPaths = (
			);
			name = "Embed runner, sandbox, and PHPantom";
			outputFileListPaths = (
			);
			outputPaths = (
			);
			runOnlyForDeploymentPostprocessing = 0;
			shellPath = /bin/sh;
			shellScript = "\"$SRCROOT/scripts/embed-resources.sh\"";
		};
/* End PBXShellScriptBuildPhase section */

/* Begin PBXSourcesBuildPhase section */
		A4423A68A9B2D8A55EA5D9F5 /* Sources */ = {
			isa = PBXSourcesBuildPhase;
			buildActionMask = 2147483647;
			files = (
				A83126604F8A69A206EE86E5 /* AppModel+Commands.swift in Sources */,
				44BDF2B2CE9E22E1E6281887 /* AppModel+Tabs.swift in Sources */,
				4C1721FEBDBB1C6CE950867F /* AppModel+Terminal.swift in Sources */,
				C34A132623A9E7768CE8A679 /* AppModel.swift in Sources */,
				12827882AB763B3C49FE1163 /* CodeEditorView.swift in Sources */,
				2A62E9238D799B7B24BB3654 /* CodeTextView.swift in Sources */,
				E0317A2D925489BDF7F90C76 /* CommandLineRequests.swift in Sources */,
				66666CB5E7FCF8E6252B430B /* CommandLineToolView.swift in Sources */,
				AE9E034F0B13DC452977FE82 /* Commands.swift in Sources */,
				52B73E54BDA601D92A07110C /* DebugSteps.swift in Sources */,
				4FE8760F14F2E96654F96D4D /* DockMenu.swift in Sources */,
				A89C0FD5DECDDAC332E9DB57 /* DockerProfileEditor.swift in Sources */,
				D34837EDA9CE175BA87609C8 /* DockerProfileManager.swift in Sources */,
				907DD9104753695DB500BD6C /* EditorController.swift in Sources */,
				FE4287F13BC686F4D38262C9 /* EditorFonts.swift in Sources */,
				9B10D64C59AA23156BE5F75D /* EditorPopups.swift in Sources */,
				4C1918034637AD3CE8A14259 /* ExternalEditor.swift in Sources */,
				8013A3E4C96F9D313A994FD0 /* FileSync.swift in Sources */,
				74CE1FF1529AABEF0DBEFEF2 /* LibraryInspector.swift in Sources */,
				9B663197393C79CE32237B86 /* LibraryKeyboard.swift in Sources */,
				00ACD0CAD73D27BEF194DC5A /* LineNumberRulerView.swift in Sources */,
				33B83540A7FE1213E678A1C6 /* MainWindow.swift in Sources */,
				C8861415909FCB171DA11683 /* OutputPane.swift in Sources */,
				A37A84760BB7F0C39C302A21 /* PHPHighlighter.swift in Sources */,
				5D80814D06956AEADDA70EAB /* Palette.swift in Sources */,
				5F25C880FB417EA231B29948 /* PaneSplit.swift in Sources */,
				137AFD4B1F454C7FDF4E8F2B /* ProjectCommandsView.swift in Sources */,
				7BDF5D55A79E389EA4531BE0 /* RunletApp.swift in Sources */,
				F7A89060D5EA6173B1CDAF54 /* SelfTest.swift in Sources */,
				C9DE190AE27B413924BADD75 /* SettingsView.swift in Sources */,
				BCEB33D441C5E8FC9700F8DE /* Sheets.swift in Sources */,
				A5CAAE8B020A59EBE8752317 /* ShortcutSettingsView.swift in Sources */,
				0545C6A6A7D228157A1FC413 /* TabModel.swift in Sources */,
				38FC2871A7683261061C06CE /* TargetSettingsView.swift in Sources */,
				47561CC7CD26F791640EE97D /* TerminalPanel.swift in Sources */,
				607E10648BB0EC85812FFBD4 /* TerminalSession.swift in Sources */,
				8A0B51ECDBD4A2CF40625D27 /* VerticalTabs.swift in Sources */,
				F0CBF10B93CFA23D09EF2E35 /* WindowModel.swift in Sources */,
				2634EE8F1A992BC3AC9D7D27 /* WindowRoot.swift in Sources */,
			);
			runOnlyForDeploymentPostprocessing = 0;
		};
		CCC60E84191646AFE5C871F0 /* Sources */ = {
			isa = PBXSourcesBuildPhase;
			buildActionMask = 2147483647;
			files = (
				C3816B4A5C85116C2659A45A /* RunletTool.swift in Sources */,
			);
			runOnlyForDeploymentPostprocessing = 0;
		};
		E5FCE0FA34472BD37D6CBAA2 /* Sources */ = {
			isa = PBXSourcesBuildPhase;
			buildActionMask = 2147483647;
			files = (
				C02A8BECF93884648171FA4B /* CommandPaletteUITests.swift in Sources */,
				4DFA3A494BF7F2DBD179F6CD /* DockerProfileManagerUITests.swift in Sources */,
				160668C0BEB8B0880B6B1EE4 /* RunletUITests.swift in Sources */,
				3408AFFDD8E17A9DFE7B2B94 /* ScenarioUITests.swift in Sources */,
				6BDEE8EAF9CAD4757F661D74 /* TabLayoutUITests.swift in Sources */,
				4C821F539CA3BFDD63346D35 /* VisualTourUITests.swift in Sources */,
				C239DB4432767988B57953DE /* WorkspaceUITests.swift in Sources */,
			);
			runOnlyForDeploymentPostprocessing = 0;
		};
/* End PBXSourcesBuildPhase section */

/* Begin PBXTargetDependency section */
		1DB6C27E3A20CF9279CF8848 /* PBXTargetDependency */ = {
			isa = PBXTargetDependency;
			target = B7E657A33CA524E52ED8A389 /* RunletCLI */;
			targetProxy = 5AFC1196AD87123122B23C2F /* PBXContainerItemProxy */;
		};
		FCE6F69A4EFCE383F85AF46B /* PBXTargetDependency */ = {
			isa = PBXTargetDependency;
			target = 876A69E4D03A9C70707B99A8 /* Runlet */;
			targetProxy = B98B033D2C0A23A37232FFD7 /* PBXContainerItemProxy */;
		};
/* End PBXTargetDependency section */

/* Begin XCBuildConfiguration section */
		20118E25012FA720D5005468 /* Debug */ = {
			isa = XCBuildConfiguration;
			buildSettings = {
				ALWAYS_SEARCH_USER_PATHS = NO;
				ARCHS = "$(ARCHS_STANDARD)";
				CLANG_ANALYZER_NONNULL = YES;
				CLANG_ANALYZER_NUMBER_OBJECT_CONVERSION = YES_AGGRESSIVE;
				CLANG_CXX_LANGUAGE_STANDARD = "gnu++14";
				CLANG_CXX_LIBRARY = "libc++";
				CLANG_ENABLE_MODULES = YES;
				CLANG_ENABLE_OBJC_ARC = YES;
				CLANG_ENABLE_OBJC_WEAK = YES;
				CLANG_WARN_BLOCK_CAPTURE_AUTORELEASING = YES;
				CLANG_WARN_BOOL_CONVERSION = YES;
				CLANG_WARN_COMMA = YES;
				CLANG_WARN_CONSTANT_CONVERSION = YES;
				CLANG_WARN_DEPRECATED_OBJC_IMPLEMENTATIONS = YES;
				CLANG_WARN_DIRECT_OBJC_ISA_USAGE = YES_ERROR;
				CLANG_WARN_DOCUMENTATION_COMMENTS = YES;
				CLANG_WARN_EMPTY_BODY = YES;
				CLANG_WARN_ENUM_CONVERSION = YES;
				CLANG_WARN_INFINITE_RECURSION = YES;
				CLANG_WARN_INT_CONVERSION = YES;
				CLANG_WARN_NON_LITERAL_NULL_CONVERSION = YES;
				CLANG_WARN_OBJC_IMPLICIT_RETAIN_SELF = YES;
				CLANG_WARN_OBJC_LITERAL_CONVERSION = YES;
				CLANG_WARN_OBJC_ROOT_CLASS = YES_ERROR;
				CLANG_WARN_QUOTED_INCLUDE_IN_FRAMEWORK_HEADER = YES;
				CLANG_WARN_RANGE_LOOP_ANALYSIS = YES;
				CLANG_WARN_STRICT_PROTOTYPES = YES;
				CLANG_WARN_SUSPICIOUS_MOVE = YES;
				CLANG_WARN_UNGUARDED_AVAILABILITY = YES_AGGRESSIVE;
				CLANG_WARN_UNREACHABLE_CODE = YES;
				CLANG_WARN__DUPLICATE_METHOD_MATCH = YES;
				COPY_PHASE_STRIP = NO;
				DEAD_CODE_STRIPPING = YES;
				DEBUG_INFORMATION_FORMAT = dwarf;
				ENABLE_STRICT_OBJC_MSGSEND = YES;
				ENABLE_TESTABILITY = YES;
				ENABLE_USER_SCRIPT_SANDBOXING = NO;
				GCC_C_LANGUAGE_STANDARD = gnu11;
				GCC_DYNAMIC_NO_PIC = NO;
				GCC_NO_COMMON_BLOCKS = YES;
				GCC_OPTIMIZATION_LEVEL = 0;
				GCC_PREPROCESSOR_DEFINITIONS = (
					"$(inherited)",
					"DEBUG=1",
				);
				GCC_WARN_64_TO_32_BIT_CONVERSION = YES;
				GCC_WARN_ABOUT_RETURN_TYPE = YES_ERROR;
				GCC_WARN_UNDECLARED_SELECTOR = YES;
				GCC_WARN_UNINITIALIZED_AUTOS = YES_AGGRESSIVE;
				GCC_WARN_UNUSED_FUNCTION = YES;
				GCC_WARN_UNUSED_VARIABLE = YES;
				MACOSX_DEPLOYMENT_TARGET = 26.0;
				MTL_ENABLE_DEBUG_INFO = INCLUDE_SOURCE;
				MTL_FAST_MATH = YES;
				ONLY_ACTIVE_ARCH = YES;
				"ONLY_ACTIVE_ARCH[config=Debug]" = YES;
				"ONLY_ACTIVE_ARCH[config=Release]" = NO;
				PRODUCT_NAME = "$(TARGET_NAME)";
				SDKROOT = macosx;
				SWIFT_ACTIVE_COMPILATION_CONDITIONS = DEBUG;
				SWIFT_OPTIMIZATION_LEVEL = "-Onone";
				SWIFT_VERSION = 6.0;
			};
			name = Debug;
		};
		31E579FBAB3DD3634A91BAA4 /* Debug */ = {
			isa = XCBuildConfiguration;
			buildSettings = {
				BUNDLE_LOADER = "$(TEST_HOST)";
				CODE_SIGN_IDENTITY = "-";
				CODE_SIGN_STYLE = Manual;
				COMBINE_HIDPI_IMAGES = YES;
				GENERATE_INFOPLIST_FILE = YES;
				LD_RUNPATH_SEARCH_PATHS = (
					"$(inherited)",
					"@executable_path/Frameworks",
					"@loader_path/Frameworks",
				);
				PRODUCT_BUNDLE_IDENTIFIER = dev.runlet.RunletUITests;
				SDKROOT = macosx;
				TEST_TARGET_NAME = Runlet;
			};
			name = Debug;
		};
		5EE576990EBD98FF88F05FD1 /* Release */ = {
			isa = XCBuildConfiguration;
			buildSettings = {
				ASSETCATALOG_COMPILER_APPICON_NAME = AppIcon;
				CODE_SIGN_IDENTITY = "-";
				CODE_SIGN_STYLE = Manual;
				COMBINE_HIDPI_IMAGES = YES;
				DEVELOPMENT_TEAM = "";
				ENABLE_APP_SANDBOX = NO;
				ENABLE_HARDENED_RUNTIME = YES;
				GENERATE_INFOPLIST_FILE = NO;
				INFOPLIST_FILE = Runlet/Info.plist;
				LD_RUNPATH_SEARCH_PATHS = (
					"$(inherited)",
					"@executable_path/../Frameworks",
				);
				PRODUCT_BUNDLE_IDENTIFIER = dev.runlet.Runlet;
				PRODUCT_NAME = Runlet;
				SDKROOT = macosx;
				SWIFT_APPROACHABLE_CONCURRENCY = YES;
				SWIFT_DEFAULT_ACTOR_ISOLATION = MainActor;
			};
			name = Release;
		};
		8ED1D5CA6EC3A9BC21458AF3 /* Debug */ = {
			isa = XCBuildConfiguration;
			buildSettings = {
				ASSETCATALOG_COMPILER_APPICON_NAME = AppIcon;
				CODE_SIGN_IDENTITY = "-";
				CODE_SIGN_STYLE = Manual;
				COMBINE_HIDPI_IMAGES = YES;
				DEVELOPMENT_TEAM = "";
				ENABLE_APP_SANDBOX = NO;
				ENABLE_HARDENED_RUNTIME = YES;
				GENERATE_INFOPLIST_FILE = NO;
				INFOPLIST_FILE = Runlet/Info.plist;
				LD_RUNPATH_SEARCH_PATHS = (
					"$(inherited)",
					"@executable_path/../Frameworks",
				);
				PRODUCT_BUNDLE_IDENTIFIER = dev.runlet.Runlet;
				PRODUCT_NAME = Runlet;
				SDKROOT = macosx;
				SWIFT_APPROACHABLE_CONCURRENCY = YES;
				SWIFT_DEFAULT_ACTOR_ISOLATION = MainActor;
			};
			name = Debug;
		};
		AEB80A12C56CFCFB98399092 /* Release */ = {
			isa = XCBuildConfiguration;
			buildSettings = {
				CODE_SIGN_IDENTITY = "-";
				CODE_SIGN_STYLE = Manual;
				COMBINE_HIDPI_IMAGES = YES;
				CREATE_INFOPLIST_SECTION_IN_BINARY = YES;
				DEVELOPMENT_TEAM = "";
				ENABLE_HARDENED_RUNTIME = YES;
				GENERATE_INFOPLIST_FILE = YES;
				LD_RUNPATH_SEARCH_PATHS = (
					"$(inherited)",
					"@executable_path/../Frameworks",
				);
				PRODUCT_BUNDLE_IDENTIFIER = dev.runlet.cli;
				PRODUCT_MODULE_NAME = RunletCLI;
				PRODUCT_NAME = runlet;
				SDKROOT = macosx;
				SKIP_INSTALL = YES;
			};
			name = Release;
		};
		E3C9F599C277AADFD0535D37 /* Debug */ = {
			isa = XCBuildConfiguration;
			buildSettings = {
				CODE_SIGN_IDENTITY = "-";
				CODE_SIGN_STYLE = Manual;
				COMBINE_HIDPI_IMAGES = YES;
				CREATE_INFOPLIST_SECTION_IN_BINARY = YES;
				DEVELOPMENT_TEAM = "";
				ENABLE_HARDENED_RUNTIME = YES;
				GENERATE_INFOPLIST_FILE = YES;
				LD_RUNPATH_SEARCH_PATHS = (
					"$(inherited)",
					"@executable_path/../Frameworks",
				);
				PRODUCT_BUNDLE_IDENTIFIER = dev.runlet.cli;
				PRODUCT_MODULE_NAME = RunletCLI;
				PRODUCT_NAME = runlet;
				SDKROOT = macosx;
				SKIP_INSTALL = YES;
			};
			name = Debug;
		};
		F91D9B1287E32035BA5332DC /* Release */ = {
			isa = XCBuildConfiguration;
			buildSettings = {
				ALWAYS_SEARCH_USER_PATHS = NO;
				ARCHS = "$(ARCHS_STANDARD)";
				CLANG_ANALYZER_NONNULL = YES;
				CLANG_ANALYZER_NUMBER_OBJECT_CONVERSION = YES_AGGRESSIVE;
				CLANG_CXX_LANGUAGE_STANDARD = "gnu++14";
				CLANG_CXX_LIBRARY = "libc++";
				CLANG_ENABLE_MODULES = YES;
				CLANG_ENABLE_OBJC_ARC = YES;
				CLANG_ENABLE_OBJC_WEAK = YES;
				CLANG_WARN_BLOCK_CAPTURE_AUTORELEASING = YES;
				CLANG_WARN_BOOL_CONVERSION = YES;
				CLANG_WARN_COMMA = YES;
				CLANG_WARN_CONSTANT_CONVERSION = YES;
				CLANG_WARN_DEPRECATED_OBJC_IMPLEMENTATIONS = YES;
				CLANG_WARN_DIRECT_OBJC_ISA_USAGE = YES_ERROR;
				CLANG_WARN_DOCUMENTATION_COMMENTS = YES;
				CLANG_WARN_EMPTY_BODY = YES;
				CLANG_WARN_ENUM_CONVERSION = YES;
				CLANG_WARN_INFINITE_RECURSION = YES;
				CLANG_WARN_INT_CONVERSION = YES;
				CLANG_WARN_NON_LITERAL_NULL_CONVERSION = YES;
				CLANG_WARN_OBJC_IMPLICIT_RETAIN_SELF = YES;
				CLANG_WARN_OBJC_LITERAL_CONVERSION = YES;
				CLANG_WARN_OBJC_ROOT_CLASS = YES_ERROR;
				CLANG_WARN_QUOTED_INCLUDE_IN_FRAMEWORK_HEADER = YES;
				CLANG_WARN_RANGE_LOOP_ANALYSIS = YES;
				CLANG_WARN_STRICT_PROTOTYPES = YES;
				CLANG_WARN_SUSPICIOUS_MOVE = YES;
				CLANG_WARN_UNGUARDED_AVAILABILITY = YES_AGGRESSIVE;
				CLANG_WARN_UNREACHABLE_CODE = YES;
				CLANG_WARN__DUPLICATE_METHOD_MATCH = YES;
				COPY_PHASE_STRIP = NO;
				DEAD_CODE_STRIPPING = YES;
				DEBUG_INFORMATION_FORMAT = "dwarf-with-dsym";
				ENABLE_NS_ASSERTIONS = NO;
				ENABLE_STRICT_OBJC_MSGSEND = YES;
				ENABLE_USER_SCRIPT_SANDBOXING = NO;
				GCC_C_LANGUAGE_STANDARD = gnu11;
				GCC_NO_COMMON_BLOCKS = YES;
				GCC_WARN_64_TO_32_BIT_CONVERSION = YES;
				GCC_WARN_ABOUT_RETURN_TYPE = YES_ERROR;
				GCC_WARN_UNDECLARED_SELECTOR = YES;
				GCC_WARN_UNINITIALIZED_AUTOS = YES_AGGRESSIVE;
				GCC_WARN_UNUSED_FUNCTION = YES;
				GCC_WARN_UNUSED_VARIABLE = YES;
				MACOSX_DEPLOYMENT_TARGET = 26.0;
				MTL_ENABLE_DEBUG_INFO = NO;
				MTL_FAST_MATH = YES;
				"ONLY_ACTIVE_ARCH[config=Debug]" = YES;
				"ONLY_ACTIVE_ARCH[config=Release]" = NO;
				PRODUCT_NAME = "$(TARGET_NAME)";
				SDKROOT = macosx;
				SWIFT_COMPILATION_MODE = wholemodule;
				SWIFT_OPTIMIZATION_LEVEL = "-O";
				SWIFT_VERSION = 6.0;
			};
			name = Release;
		};
		FF8812D207C3E5EBE8095A41 /* Release */ = {
			isa = XCBuildConfiguration;
			buildSettings = {
				BUNDLE_LOADER = "$(TEST_HOST)";
				CODE_SIGN_IDENTITY = "-";
				CODE_SIGN_STYLE = Manual;
				COMBINE_HIDPI_IMAGES = YES;
				GENERATE_INFOPLIST_FILE = YES;
				LD_RUNPATH_SEARCH_PATHS = (
					"$(inherited)",
					"@executable_path/Frameworks",
					"@loader_path/Frameworks",
				);
				PRODUCT_BUNDLE_IDENTIFIER = dev.runlet.RunletUITests;
				SDKROOT = macosx;
				TEST_TARGET_NAME = Runlet;
			};
			name = Release;
		};
/* End XCBuildConfiguration section */

/* Begin XCConfigurationList section */
		03092FE74167E66462A22906 /* Build configuration list for PBXNativeTarget "Runlet" */ = {
			isa = XCConfigurationList;
			buildConfigurations = (
				8ED1D5CA6EC3A9BC21458AF3 /* Debug */,
				5EE576990EBD98FF88F05FD1 /* Release */,
			);
			defaultConfigurationIsVisible = 0;
			defaultConfigurationName = Debug;
		};
		8F66EBE7BEF03B75B9C499CD /* Build configuration list for PBXNativeTarget "RunletUITests" */ = {
			isa = XCConfigurationList;
			buildConfigurations = (
				31E579FBAB3DD3634A91BAA4 /* Debug */,
				FF8812D207C3E5EBE8095A41 /* Release */,
			);
			defaultConfigurationIsVisible = 0;
			defaultConfigurationName = Debug;
		};
		B83FD1B42FD7A159AE525A37 /* Build configuration list for PBXProject "Runlet" */ = {
			isa = XCConfigurationList;
			buildConfigurations = (
				20118E25012FA720D5005468 /* Debug */,
				F91D9B1287E32035BA5332DC /* Release */,
			);
			defaultConfigurationIsVisible = 0;
			defaultConfigurationName = Debug;
		};
		CB1F110AC6B09766EE8B9F95 /* Build configuration list for PBXNativeTarget "RunletCLI" */ = {
			isa = XCConfigurationList;
			buildConfigurations = (
				E3C9F599C277AADFD0535D37 /* Debug */,
				AEB80A12C56CFCFB98399092 /* Release */,
			);
			defaultConfigurationIsVisible = 0;
			defaultConfigurationName = Debug;
		};
/* End XCConfigurationList section */

/* Begin XCLocalSwiftPackageReference section */
		FDB9902247EB3489098581A3 /* XCLocalSwiftPackageReference "Packages/RunletKit" */ = {
			isa = XCLocalSwiftPackageReference;
			relativePath = Packages/RunletKit;
		};
/* End XCLocalSwiftPackageReference section */

/* Begin XCRemoteSwiftPackageReference section */
		38A538B970DF61F799CB15D2 /* XCRemoteSwiftPackageReference "SwiftTerm" */ = {
			isa = XCRemoteSwiftPackageReference;
			repositoryURL = "https://github.com/migueldeicaza/SwiftTerm";
			requirement = {
				kind = exactVersion;
				version = 1.11.2;
			};
		};
/* End XCRemoteSwiftPackageReference section */

/* Begin XCSwiftPackageProductDependency section */
		27D12CB6B6493869E61B77BF /* SwiftTerm */ = {
			isa = XCSwiftPackageProductDependency;
			package = 38A538B970DF61F799CB15D2 /* XCRemoteSwiftPackageReference "SwiftTerm" */;
			productName = SwiftTerm;
		};
		4322A1EA177AAC635102C1CE /* RunletCore */ = {
			isa = XCSwiftPackageProductDependency;
			productName = RunletCore;
		};
		5B5EECBE23B015321D697A66 /* RunletLanguage */ = {
			isa = XCSwiftPackageProductDependency;
			productName = RunletLanguage;
		};
		89563DE2467BC834814AC08A /* RunletExecution */ = {
			isa = XCSwiftPackageProductDependency;
			productName = RunletExecution;
		};
		DF53CBD16F62D3B9B97C1402 /* RunletCore */ = {
			isa = XCSwiftPackageProductDependency;
			productName = RunletCore;
		};
/* End XCSwiftPackageProductDependency section */
	};
	rootObject = 0EAE436620113FF09BD79C28 /* Project object */;
}
